
Microsoft Visual Studio Solution File, Format Version 12.00
# Visual Studio 15
VisualStudioVersion = 15.0.28307.902
MinimumVisualStudioVersion = 10.0.40219.1
Project("{FAE04EC0-301F-11D3-BF4B-00C04F79EFBC}") = "ProjektIPM", "ProjektIPM\ProjektIPM.csproj", "{5EDC6E48-779F-48A5-B2F2-A70B9AD62F3E}"
EndProject
Global
	GlobalSection(SolutionConfigurationPlatforms) = preSolution
		Debug|ARM = Debug|ARM
		Debug|ARM64 = Debug|ARM64
		Debug|x64 = Debug|x64
		Debug|x86 = Debug|x86
		Release|ARM = Release|ARM
		Release|ARM64 = Release|ARM64
		Release|x64 = Release|x64
		Release|x86 = Release|x86
	EndGlobalSection
	GlobalSection(ProjectConfigurationPlatforms) = postSolution
		{5EDC6E48-779F-48A5-B2F2-A70B9AD62F3E}.Debug|ARM.ActiveCfg = Debug|ARM
		{5EDC6E48-779F-48A5-B2F2-A70B9AD62F3E}.Debug|ARM.Build.0 = Debug|ARM
		{5EDC6E48-779F-48A5-B2F2-A70B9AD62F3E}.Debug|ARM.Deploy.0 = Debug|ARM
		{5EDC6E48-779F-48A5-B2F2-A70B9AD62F3E}.Debug|ARM64.ActiveCfg = Debug|ARM64
		{5EDC6E48-779F-48A5-B2F2-A70B9AD62F3E}.Debug|ARM64.Build.0 = Debug|ARM64
		{5EDC6E48-779F-48A5-B2F2-A70B9AD62F3E}.Debug|ARM64.Deploy.0 = Debug|ARM64
		{5EDC6E48-779F-48A5-B2F2-A70B9AD62F3E}.Debug|x64.ActiveCfg = Debug|x64
		{5EDC6E48-779F-48A5-B2F2-A70B9AD62F3E}.Debug|x64.Build.0 = Debug|x64
		{5EDC6E48-779F-48A5-B2F2-A70B9AD62F3E}.Debug|x64.Deploy.0 = Debug|x64
		{5EDC6E48-779F-48A5-B2F2-A70B9AD62F3E}.Debug|x86.ActiveCfg = Debug|x86
		{5EDC6E48-779F-48A5-B2F2-A70B9AD62F3E}.Debug|x86.Build.0 = Debug|x86
		{5EDC6E48-779F-48A5-B2F2-A70B9AD62F3E}.Debug|x86.Deploy.0 = Debug|x86
		{5EDC6E48-779F-48A5-B2F2-A70B9AD62F3E}.Release|ARM.ActiveCfg = Release|ARM
		{5EDC6E48-779F-48A5-B2F2-A70B9AD62F3E}.Release|ARM.Build.0 = Release|ARM
		{5EDC6E48-779F-48A5-B2F2-A70B9AD62F3E}.Release|ARM.Deploy.0 = Release|ARM
		{5EDC6E48-779F-48A5-B2F2-A70B9AD62F3E}.Release|ARM64.ActiveCfg = Release|ARM64
		{5EDC6E48-779F-48A5-B2F2-A70B9AD62F3E}.Release|ARM64.Build.0 = Release|ARM64
		{5EDC6E48-779F-48A5-B2F2-A70B9AD62F3E}.Release|ARM64.Deploy.0 = Release|ARM64
		{5EDC6E48-779F-48A5-B2F2-A70B9AD62F3E}.Release|x64.ActiveCfg = Release|x64
		{5EDC6E48-779F-48A5-B2F2-A70B9AD62F3E}.Release|x64.Build.0 = Release|x64
		{5EDC6E48-779F-48A5-B2F2-A70B9AD62F3E}.Release|x64.Deploy.0 = Release|x64
		{5EDC6E48-779F-48A5-B2F2-A70B9AD62F3E}.Release|x86.ActiveCfg = Release|x86
		{5EDC6E48-779F-48A5-B2F2-A70B9AD62F3E}.Release|x86.Build.0 = Release|x86
		{5EDC6E48-779F-48A5-B2F2-A70B9AD62F3E}.Release|x86.Deploy.0 = Release|x86
	EndGlobalSection
	GlobalSection(SolutionProperties) = preSolution
		HideSolutionNode = FALSE
	EndGlobalSection
	GlobalSection(ExtensibilityGlobals) = postSolution
		SolutionGuid = {7375066A-C489-4993-97C8-791BBD7B540E}
	EndGlobalSection
EndGlobal
